// !$*UTF8*$!
{
	archiveVersion = 1;
	classes = {
	};
	objectVersion = 46;
	objects = {

/* Begin PBXBuildFile section */
		E9A012B01BD762B9006D1EEF /* main.cpp in Sources */ = {isa = PBXBuildFile; fileRef = E9A012AF1BD762B9006D1EEF /* main.cpp */; };
		E9E7A1B51BD660E2004A7C72 /* Makefile in Sources */ = {isa = PBXBuildFile; fileRef = E9E7A1B41BD660E2004A7C72 /* Makefile */; };
/* End PBXBuildFile section */

/* Begin PBXCopyFilesBuildPhase section */
		E9E7A1991BD65FB2004A7C72 /* CopyFiles */ = {
			isa = PBXCopyFilesBuildPhase;
			buildActionMask = 2147483647;
			dstPath = /usr/share/man/man1/;
			dstSubfolderSpec = 0;
			files = (
			);
			runOnlyForDeploymentPostprocessing = 1;
		};
/* End PBXCopyFilesBuildPhase section */

/* Begin PBXFileReference section */
		E9A012AF1BD762B9006D1EEF /* main.cpp */ = {isa = PBXFileReference; fileEncoding = 4; lastKnownFileType = sourcecode.cpp.cpp; path = main.cpp; sourceTree = SOURCE_ROOT; };
		E9E7A19B1BD65FB2004A7C72 /* Perevod */ = {isa = PBXFileReference; explicitFileType = "compiled.mach-o.executable"; includeInIndex = 0; path = Perevod; sourceTree = BUILT_PRODUCTS_DIR; };
		E9E7A1AB1BD660A8004A7C72 /* main.cpp */ = {isa = PBXFileReference; lastKnownFileType = sourcecode.cpp.cpp; path = main.cpp; sourceTree = "<group>"; };
		E9E7A1B41BD660E2004A7C72 /* Makefile */ = {isa = PBXFileReference; fileEncoding = 4; lastKnownFileType = sourcecode.make; path = Makefile; sourceTree = SOURCE_ROOT; };
/* End PBXFileReference section */

/* Begin PBXFrameworksBuildPhase section */
		E9E7A1981BD65FB2004A7C72 /* Frameworks */ = {
			isa = PBXFrameworksBuildPhase;
			buildActionMask = 2147483647;
			files = (
			);
			runOnlyForDeploymentPostprocessing = 0;
		};
/* End PBXFrameworksBuildPhase section */

/* Begin PBXGroup section */
		E9E7A1921BD65FB2004A7C72 = {
			isa = PBXGroup;
			children = (
				E9E7A19D1BD65FB2004A7C72 /* Perevod */,
				E9E7A1AA1BD660A8004A7C72 /* Make */,
				E9E7A19C1BD65FB2004A7C72 /* Products */,
			);
			sourceTree = "<group>";
		};
		E9E7A19C1BD65FB2004A7C72 /* Products */ = {
			isa = PBXGroup;
			children = (
				E9E7A19B1BD65FB2004A7C72 /* Perevod */,
			);
			name = Products;
			sourceTree = "<group>";
		};
		E9E7A19D1BD65FB2004A7C72 /* Perevod */ = {
			isa = PBXGroup;
			children = (
				E9A012AF1BD762B9006D1EEF /* main.cpp */,
				E9E7A1B41BD660E2004A7C72 /* Makefile */,
			);
			path = Perevod;
			sourceTree = "<group>";
		};
		E9E7A1AA1BD660A8004A7C72 /* Make */ = {
			isa = PBXGroup;
			children = (
				E9E7A1AB1BD660A8004A7C72 /* main.cpp */,
			);
			path = Make;
			sourceTree = "<group>";
		};
/* End PBXGroup section */

/* Begin PBXLegacyTarget section */
		E9E7A1B01BD660B6004A7C72 /* Make */ = {
			isa = PBXLegacyTarget;
			buildArgumentsString = "$(ACTION)";
			buildConfigurationList = E9E7A1B11BD660B6004A7C72 /* Build configuration list for PBXLegacyTarget "Make" */;
			buildPhases = (
			);
			buildToolPath = /usr/bin/make;
			buildWorkingDirectory = "$(PROJECT_DIR)";
			dependencies = (
			);
			name = Make;
			passBuildSettingsInEnvironment = 1;
			productName = Make;
		};
/* End PBXLegacyTarget section */

/* Begin PBXNativeTarget section */
		E9E7A19A1BD65FB2004A7C72 /* Perevod */ = {
			isa = PBXNativeTarget;
			buildConfigurationList = E9E7A1A21BD65FB2004A7C72 /* Build configuration list for PBXNativeTarget "Perevod" */;
			buildPhases = (
				E9E7A1971BD65FB2004A7C72 /* Sources */,
				E9E7A1981BD65FB2004A7C72 /* Frameworks */,
				E9E7A1991BD65FB2004A7C72 /* CopyFiles */,
			);
			buildRules = (
			);
			dependencies = (
			);
			name = Perevod;
			productName = Perevod;
			productReference = E9E7A19B1BD65FB2004A7C72 /* Perevod */;
			productType = "com.apple.product-type.tool";
		};
/* End PBXNativeTarget section */

/* Begin PBXProject section */
		E9E7A1931BD65FB2004A7C72 /* Project object */ = {
			isa = PBXProject;
			attributes = {
				LastUpgradeCheck = 0710;
				ORGANIZATIONNAME = "Akira Matsuda";
				TargetAttributes = {
					E9E7A19A1BD65FB2004A7C72 = {
						CreatedOnToolsVersion = 7.1;
					};
					E9E7A1B01BD660B6004A7C72 = {
						CreatedOnToolsVersion = 7.1;
					};
				};
			};
			buildConfigurationList = E9E7A1961BD65FB2004A7C72 /* Build configuration list for PBXProject "Perevod" */;
			compatibilityVersion = "Xcode 3.2";
			developmentRegion = English;
			hasScannedForEncodings = 0;
			knownRegions = (
				en,
			);
			mainGroup = E9E7A1921BD65FB2004A7C72;
			productRefGroup = E9E7A19C1BD65FB2004A7C72 /* Products */;
			projectDirPath = "";
			projectRoot = "";
			targets = (
				E9E7A19A1BD65FB2004A7C72 /* Perevod */,
				E9E7A1B01BD660B6004A7C72 /* Make */,
			);
		};
/* End PBXProject section */

/* Begin PBXSourcesBuildPhase section */
		E9E7A1971BD65FB2004A7C72 /* Sources */ = {
			isa = PBXSourcesBuildPhase;
			buildActionMask = 2147483647;
			files = (
				E9A012B01BD762B9006D1EEF /* main.cpp in Sources */,
				E9E7A1B51BD660E2004A7C72 /* Makefile in Sources */,
			);
			runOnlyForDeploymentPostprocessing = 0;
		};
/* End PBXSourcesBuildPhase section */

/* Begin XCBuildConfiguration section */
		E9E7A1A01BD65FB2004A7C72 /* Debug */ = {
			isa = XCBuildConfiguration;
			buildSettings = {
				ALWAYS_SEARCH_USER_PATHS = NO;
				CLANG_CXX_LANGUAGE_STANDARD = "gnu++0x";
				CLANG_CXX_LIBRARY = "libc++";
				CLANG_ENABLE_MODULES = YES;
				CLANG_ENABLE_OBJC_ARC = YES;
				CLANG_WARN_BOOL_CONVERSION = YES;
				CLANG_WARN_CONSTANT_CONVERSION = YES;
				CLANG_WARN_DIRECT_OBJC_ISA_USAGE = YES_ERROR;
				CLANG_WARN_EMPTY_BODY = YES;
				CLANG_WARN_ENUM_CONVERSION = YES;
				CLANG_WARN_INT_CONVERSION = YES;
				CLANG_WARN_OBJC_ROOT_CLASS = YES_ERROR;
				CLANG_WARN_UNREACHABLE_CODE = YES;
				CLANG_WARN__DUPLICATE_METHOD_MATCH = YES;
				CODE_SIGN_IDENTITY = "-";
				COPY_PHASE_STRIP = NO;
				DEBUG_INFORMATION_FORMAT = dwarf;
				ENABLE_STRICT_OBJC_MSGSEND = YES;
				ENABLE_TESTABILITY = YES;
				GCC_C_LANGUAGE_STANDARD = gnu99;
				GCC_DYNAMIC_NO_PIC = NO;
				GCC_NO_COMMON_BLOCKS = YES;
				GCC_OPTIMIZATION_LEVEL = 0;
				GCC_PREPROCESSOR_DEFINITIONS = (
					"DEBUG=1",
					"$(inherited)",
				);
				GCC_WARN_64_TO_32_BIT_CONVERSION = YES;
				GCC_WARN_ABOUT_RETURN_TYPE = YES_ERROR;
				GCC_WARN_UNDECLARED_SELECTOR = YES;
				GCC_WARN_UNINITIALIZED_AUTOS = YES_AGGRESSIVE;
				GCC_WARN_UNUSED_FUNCTION = YES;
				GCC_WARN_UNUSED_VARIABLE = YES;
				MACOSX_DEPLOYMENT_TARGET = 10.11;
				MTL_ENABLE_DEBUG_INFO = YES;
				ONLY_ACTIVE_ARCH = YES;
				SDKROOT = macosx;
			};
			name = Debug;
		};
		E9E7A1A11BD65FB2004A7C72 /* Release */ = {
			isa = XCBuildConfiguration;
			buildSettings = {
				ALWAYS_SEARCH_USER_PATHS = NO;
				CLANG_CXX_LANGUAGE_STANDARD = "gnu++0x";
				CLANG_CXX_LIBRARY = "libc++";
				CLANG_ENABLE_MODULES = YES;
				CLANG_ENABLE_OBJC_ARC = YES;
				CLANG_WARN_BOOL_CONVERSION = YES;
				CLANG_WARN_CONSTANT_CONVERSION = YES;
				CLANG_WARN_DIRECT_OBJC_ISA_USAGE = YES_ERROR;
				CLANG_WARN_EMPTY_BODY = YES;
				CLANG_WARN_ENUM_CONVERSION = YES;
				CLANG_WARN_INT_CONVERSION = YES;
				CLANG_WARN_OBJC_ROOT_CLASS = YES_ERROR;
				CLANG_WARN_UNREACHABLE_CODE = YES;
				CLANG_WARN__DUPLICATE_METHOD_MATCH = YES;
				CODE_SIGN_IDENTITY = "-";
				COPY_PHASE_STRIP = NO;
				DEBUG_INFORMATION_FORMAT = "dwarf-with-dsym";
				ENABLE_NS_ASSERTIONS = NO;
				ENABLE_STRICT_OBJC_MSGSEND = YES;
				GCC_C_LANGUAGE_STANDARD = gnu99;
				GCC_NO_COMMON_BLOCKS = YES;
				GCC_WARN_64_TO_32_BIT_CONVERSION = YES;
				GCC_WARN_ABOUT_RETURN_TYPE = YES_ERROR;
				GCC_WARN_UNDECLARED_SELECTOR = YES;
				GCC_WARN_UNINITIALIZED_AUTOS = YES_AGGRESSIVE;
				GCC_WARN_UNUSED_FUNCTION = YES;
				GCC_WARN_UNUSED_VARIABLE = YES;
				MACOSX_DEPLOYMENT_TARGET = 10.11;
				MTL_ENABLE_DEBUG_INFO = NO;
				SDKROOT = macosx;
			};
			name = Release;
		};
		E9E7A1A31BD65FB2004A7C72 /* Debug */ = {
			isa = XCBuildConfiguration;
			buildSettings = {
				PRODUCT_NAME = "$(TARGET_NAME)";
			};
			name = Debug;
		};
		E9E7A1A41BD65FB2004A7C72 /* Release */ = {
			isa = XCBuildConfiguration;
			buildSettings = {
				PRODUCT_NAME = "$(TARGET_NAME)";
			};
			name = Release;
		};
		E9E7A1B21BD660B6004A7C72 /* Debug */ = {
			isa = XCBuildConfiguration;
			buildSettings = {
				DEBUGGING_SYMBOLS = YES;
				DEBUG_INFORMATION_FORMAT = dwarf;
				GCC_GENERATE_DEBUGGING_SYMBOLS = YES;
				GCC_OPTIMIZATION_LEVEL = 0;
				OTHER_CFLAGS = "";
				OTHER_LDFLAGS = "";
				PRODUCT_NAME = "$(TARGET_NAME)";
			};
			name = Debug;
		};
		E9E7A1B31BD660B6004A7C72 /* Release */ = {
			isa = XCBuildConfiguration;
			buildSettings = {
				DEBUG_INFORMATION_FORMAT = "dwarf-with-dsym";
				OTHER_CFLAGS = "";
				OTHER_LDFLAGS = "";
				PRODUCT_NAME = "$(TARGET_NAME)";
			};
			name = Release;
		};
/* End XCBuildConfiguration section */

/* Begin XCConfigurationList section */
		E9E7A1961BD65FB2004A7C72 /* Build configuration list for PBXProject "Perevod" */ = {
			isa = XCConfigurationList;
			buildConfigurations = (
				E9E7A1A01BD65FB2004A7C72 /* Debug */,
				E9E7A1A11BD65FB2004A7C72 /* Release */,
			);
			defaultConfigurationIsVisible = 0;
			defaultConfigurationName = Release;
		};
		E9E7A1A21BD65FB2004A7C72 /* Build configuration list for PBXNativeTarget "Perevod" */ = {
			isa = XCConfigurationList;
			buildConfigurations = (
				E9E7A1A31BD65FB2004A7C72 /* Debug */,
				E9E7A1A41BD65FB2004A7C72 /* Release */,
			);
			defaultConfigurationIsVisible = 0;
			defaultConfigurationName = Release;
		};
		E9E7A1B11BD660B6004A7C72 /* Build configuration list for PBXLegacyTarget "Make" */ = {
			isa = XCConfigurationList;
			buildConfigurations = (
				E9E7A1B21BD660B6004A7C72 /* Debug */,
				E9E7A1B31BD660B6004A7C72 /* Release */,
			);
			defaultConfigurationIsVisible = 0;
			defaultConfigurationName = Release;
		};
/* End XCConfigurationList section */
	};
	rootObject = E9E7A1931BD65FB2004A7C72 /* Project object */;
}
